
Microsoft Visual Studio Solution File, Format Version 12.00
# Visual Studio Version 16
VisualStudioVersion = 16.0.30320.27
MinimumVisualStudioVersion = 15.0.26124.0
Project("{9A19103F-16F7-4668-BE54-9A1E7A4F7556}") = "GraphQL.WebApi", "GraphQL.WebApi\GraphQL.WebApi.csproj", "{A28ECCFA-F306-4A9A-B780-BD54E610D493}"
EndProject
Project("{FAE04EC0-301F-11D3-BF4B-00C04F79EFBC}") = "Testing", "Testing\Testing.csproj", "{4226CCA5-1BD2-4BB7-8B5E-C41B8E9107F5}"
EndProject
Global
	GlobalSection(SolutionConfigurationPlatforms) = preSolution
		Debug|Any CPU = Debug|Any CPU
		Debug|x64 = Debug|x64
		Debug|x86 = Debug|x86
		Release|Any CPU = Release|Any CPU
		Release|x64 = Release|x64
		Release|x86 = Release|x86
	EndGlobalSection
	GlobalSection(ProjectConfigurationPlatforms) = postSolution
		{A28ECCFA-F306-4A9A-B780-BD54E610D493}.Debug|Any CPU.ActiveCfg = Debug|Any CPU
		{A28ECCFA-F306-4A9A-B780-BD54E610D493}.Debug|Any CPU.Build.0 = Debug|Any CPU
		{A28ECCFA-F306-4A9A-B780-BD54E610D493}.Debug|x64.ActiveCfg = Debug|Any CPU
		{A28ECCFA-F306-4A9A-B780-BD54E610D493}.Debug|x64.Build.0 = Debug|Any CPU
		{A28ECCFA-F306-4A9A-B780-BD54E610D493}.Debug|x86.ActiveCfg = Debug|Any CPU
		{A28ECCFA-F306-4A9A-B780-BD54E610D493}.Debug|x86.Build.0 = Debug|Any CPU
		{A28ECCFA-F306-4A9A-B780-BD54E610D493}.Release|Any CPU.ActiveCfg = Release|Any CPU
		{A28ECCFA-F306-4A9A-B780-BD54E610D493}.Release|Any CPU.Build.0 = Release|Any CPU
		{A28ECCFA-F306-4A9A-B780-BD54E610D493}.Release|x64.ActiveCfg = Release|Any CPU
		{A28ECCFA-F306-4A9A-B780-BD54E610D493}.Release|x64.Build.0 = Release|Any CPU
		{A28ECCFA-F306-4A9A-B780-BD54E610D493}.Release|x86.ActiveCfg = Release|Any CPU
		{A28ECCFA-F306-4A9A-B780-BD54E610D493}.Release|x86.Build.0 = Release|Any CPU
		{4226CCA5-1BD2-4BB7-8B5E-C41B8E9107F5}.Debug|Any CPU.ActiveCfg = Debug|Any CPU
		{4226CCA5-1BD2-4BB7-8B5E-C41B8E9107F5}.Debug|Any CPU.Build.0 = Debug|Any CPU
		{4226CCA5-1BD2-4BB7-8B5E-C41B8E9107F5}.Debug|x64.ActiveCfg = Debug|Any CPU
		{4226CCA5-1BD2-4BB7-8B5E-C41B8E9107F5}.Debug|x64.Build.0 = Debug|Any CPU
		{4226CCA5-1BD2-4BB7-8B5E-C41B8E9107F5}.Debug|x86.ActiveCfg = Debug|Any CPU
		{4226CCA5-1BD2-4BB7-8B5E-C41B8E9107F5}.Debug|x86.Build.0 = Debug|Any CPU
		{4226CCA5-1BD2-4BB7-8B5E-C41B8E9107F5}.Release|Any CPU.ActiveCfg = Release|Any CPU
		{4226CCA5-1BD2-4BB7-8B5E-C41B8E9107F5}.Release|Any CPU.Build.0 = Release|Any CPU
		{4226CCA5-1BD2-4BB7-8B5E-C41B8E9107F5}.Release|x64.ActiveCfg = Release|Any CPU
		{4226CCA5-1BD2-4BB7-8B5E-C41B8E9107F5}.Release|x64.Build.0 = Release|Any CPU
		{4226CCA5-1BD2-4BB7-8B5E-C41B8E9107F5}.Release|x86.ActiveCfg = Release|Any CPU
		{4226CCA5-1BD2-4BB7-8B5E-C41B8E9107F5}.Release|x86.Build.0 = Release|Any CPU
	EndGlobalSection
	GlobalSection(SolutionProperties) = preSolution
		HideSolutionNode = FALSE
	EndGlobalSection
	GlobalSection(ExtensibilityGlobals) = postSolution
		SolutionGuid = {0B1E8F21-3AA0-4179-942C-CAF0BB06C664}
	EndGlobalSection
EndGlobal
